// !$*UTF8*$!
{
	archiveVersion = 1;
	classes = {
	};
	objectVersion = 50;
	objects = {

/* Begin PBXBuildFile section */
		0438D5C621DC022A004D5E24 /* AppDelegate.swift in Sources */ = {isa = PBXBuildFile; fileRef = 0438D5C521DC022A004D5E24 /* AppDelegate.swift */; };
		0438D5C821DC022A004D5E24 /* ViewController.swift in Sources */ = {isa = PBXBuildFile; fileRef = 0438D5C721DC022A004D5E24 /* ViewController.swift */; };
		0438D5CB21DC022A004D5E24 /* Main.storyboard in Resources */ = {isa = PBXBuildFile; fileRef = 0438D5C921DC022A004D5E24 /* Main.storyboard */; };
		0438D5CD21DC022C004D5E24 /* Assets.xcassets in Resources */ = {isa = PBXBuildFile; fileRef = 0438D5CC21DC022C004D5E24 /* Assets.xcassets */; };
		0438D5D021DC022C004D5E24 /* LaunchScreen.storyboard in Resources */ = {isa = PBXBuildFile; fileRef = 0438D5CE21DC022C004D5E24 /* LaunchScreen.storyboard */; };
		0438D5DB21DC022C004D5E24 /* MyFirstProjectTests.swift in Sources */ = {isa = PBXBuildFile; fileRef = 0438D5DA21DC022C004D5E24 /* MyFirstProjectTests.swift */; };
		0438D5E621DC022C004D5E24 /* MyFirstProjectUITests.swift in Sources */ = {isa = PBXBuildFile; fileRef = 0438D5E521DC022C004D5E24 /* MyFirstProjectUITests.swift */; };
		04597CF221E35E9E00F1E02A /* RegisterViewController.swift in Sources */ = {isa = PBXBuildFile; fileRef = 04597CF121E35E9E00F1E02A /* RegisterViewController.swift */; };
/* End PBXBuildFile section */

/* Begin PBXContainerItemProxy section */
		0438D5D721DC022C004D5E24 /* PBXContainerItemProxy */ = {
			isa = PBXContainerItemProxy;
			containerPortal = 0438D5BA21DC022A004D5E24 /* Project object */;
			proxyType = 1;
			remoteGlobalIDString = 0438D5C121DC022A004D5E24;
			remoteInfo = MyFirstProject;
		};
		0438D5E221DC022C004D5E24 /* PBXContainerItemProxy */ = {
			isa = PBXContainerItemProxy;
			containerPortal = 0438D5BA21DC022A004D5E24 /* Project object */;
			proxyType = 1;
			remoteGlobalIDString = 0438D5C121DC022A004D5E24;
			remoteInfo = MyFirstProject;
		};
/* End PBXContainerItemProxy section */

/* Begin PBXFileReference section */
		0438D5C221DC022A004D5E24 /* MyFirstProject.app */ = {isa = PBXFileReference; explicitFileType = wrapper.application; includeInIndex = 0; path = MyFirstProject.app; sourceTree = BUILT_PRODUCTS_DIR; };
		0438D5C521DC022A004D5E24 /* AppDelegate.swift */ = {isa = PBXFileReference; lastKnownFileType = sourcecode.swift; path = AppDelegate.swift; sourceTree = "<group>"; };
		0438D5C721DC022A004D5E24 /* ViewController.swift */ = {isa = PBXFileReference; lastKnownFileType = sourcecode.swift; path = ViewController.swift; sourceTree = "<group>"; };
		0438D5CA21DC022A004D5E24 /* Base */ = {isa = PBXFileReference; lastKnownFileType = file.storyboard; name = Base; path = Base.lproj/Main.storyboard; sourceTree = "<group>"; };
		0438D5CC21DC022C004D5E24 /* Assets.xcassets */ = {isa = PBXFileReference; lastKnownFileType = folder.assetcatalog; path = Assets.xcassets; sourceTree = "<group>"; };
		0438D5CF21DC022C004D5E24 /* Base */ = {isa = PBXFileReference; lastKnownFileType = file.storyboard; name = Base; path = Base.lproj/LaunchScreen.storyboard; sourceTree = "<group>"; };
		0438D5D121DC022C004D5E24 /* Info.plist */ = {isa = PBXFileReference; lastKnownFileType = text.plist.xml; path = Info.plist; sourceTree = "<group>"; };
		0438D5D621DC022C004D5E24 /* MyFirstProjectTests.xctest */ = {isa = PBXFileReference; explicitFileType = wrapper.cfbundle; includeInIndex = 0; path = MyFirstProjectTests.xctest; sourceTree = BUILT_PRODUCTS_DIR; };
		0438D5DA21DC022C004D5E24 /* MyFirstProjectTests.swift */ = {isa = PBXFileReference; lastKnownFileType = sourcecode.swift; path = MyFirstProjectTests.swift; sourceTree = "<group>"; };
		0438D5DC21DC022C004D5E24 /* Info.plist */ = {isa = PBXFileReference; lastKnownFileType = text.plist.xml; path = Info.plist; sourceTree = "<group>"; };
		0438D5E121DC022C004D5E24 /* MyFirstProjectUITests.xctest */ = {isa = PBXFileReference; explicitFileType = wrapper.cfbundle; includeInIndex = 0; path = MyFirstProjectUITests.xctest; sourceTree = BUILT_PRODUCTS_DIR; };
		0438D5E521DC022C004D5E24 /* MyFirstProjectUITests.swift */ = {isa = PBXFileReference; lastKnownFileType = sourcecode.swift; path = MyFirstProjectUITests.swift; sourceTree = "<group>"; };
		0438D5E721DC022C004D5E24 /* Info.plist */ = {isa = PBXFileReference; lastKnownFileType = text.plist.xml; path = Info.plist; sourceTree = "<group>"; };
		04597CF121E35E9E00F1E02A /* RegisterViewController.swift */ = {isa = PBXFileReference; lastKnownFileType = sourcecode.swift; path = RegisterViewController.swift; sourceTree = "<group>"; };
/* End PBXFileReference section */

/* Begin PBXFrameworksBuildPhase section */
		0438D5BF21DC022A004D5E24 /* Frameworks */ = {
			isa = PBXFrameworksBuildPhase;
			buildActionMask = 2147483647;
			files = (
			);
			runOnlyForDeploymentPostprocessing = 0;
		};
		0438D5D321DC022C004D5E24 /* Frameworks */ = {
			isa = PBXFrameworksBuildPhase;
			buildActionMask = 2147483647;
			files = (
			);
			runOnlyForDeploymentPostprocessing = 0;
		};
		0438D5DE21DC022C004D5E24 /* Frameworks */ = {
			isa = PBXFrameworksBuildPhase;
			buildActionMask = 2147483647;
			files = (
			);
			runOnlyForDeploymentPostprocessing = 0;
		};
/* End PBXFrameworksBuildPhase section */

/* Begin PBXGroup section */
		0438D5B921DC022A004D5E24 = {
			isa = PBXGroup;
			children = (
				0438D5C421DC022A004D5E24 /* MyFirstProject */,
				0438D5D921DC022C004D5E24 /* MyFirstProjectTests */,
				0438D5E421DC022C004D5E24 /* MyFirstProjectUITests */,
				0438D5C321DC022A004D5E24 /* Products */,
			);
			sourceTree = "<group>";
		};
		0438D5C321DC022A004D5E24 /* Products */ = {
			isa = PBXGroup;
			children = (
				0438D5C221DC022A004D5E24 /* MyFirstProject.app */,
				0438D5D621DC022C004D5E24 /* MyFirstProjectTests.xctest */,
				0438D5E121DC022C004D5E24 /* MyFirstProjectUITests.xctest */,
			);
			name = Products;
			sourceTree = "<group>";
		};
		0438D5C421DC022A004D5E24 /* MyFirstProject */ = {
			isa = PBXGroup;
			children = (
				0438D5C521DC022A004D5E24 /* AppDelegate.swift */,
				0438D5C721DC022A004D5E24 /* ViewController.swift */,
				0438D5C921DC022A004D5E24 /* Main.storyboard */,
				04597CF121E35E9E00F1E02A /* RegisterViewController.swift */,
				0438D5CC21DC022C004D5E24 /* Assets.xcassets */,
				0438D5CE21DC022C004D5E24 /* LaunchScreen.storyboard */,
				0438D5D121DC022C004D5E24 /* Info.plist */,
			);
			path = MyFirstProject;
			sourceTree = "<group>";
		};
		0438D5D921DC022C004D5E24 /* MyFirstProjectTests */ = {
			isa = PBXGroup;
			children = (
				0438D5DA21DC022C004D5E24 /* MyFirstProjectTests.swift */,
				0438D5DC21DC022C004D5E24 /* Info.plist */,
			);
			path = MyFirstProjectTests;
			sourceTree = "<group>";
		};
		0438D5E421DC022C004D5E24 /* MyFirstProjectUITests */ = {
			isa = PBXGroup;
			children = (
				0438D5E521DC022C004D5E24 /* MyFirstProjectUITests.swift */,
				0438D5E721DC022C004D5E24 /* Info.plist */,
			);
			path = MyFirstProjectUITests;
			sourceTree = "<group>";
		};
/* End PBXGroup section */

/* Begin PBXNativeTarget section */
		0438D5C121DC022A004D5E24 /* MyFirstProject */ = {
			isa = PBXNativeTarget;
			buildConfigurationList = 0438D5EA21DC022C004D5E24 /* Build configuration list for PBXNativeTarget "MyFirstProject" */;
			buildPhases = (
				0438D5BE21DC022A004D5E24 /* Sources */,
				0438D5BF21DC022A004D5E24 /* Frameworks */,
				0438D5C021DC022A004D5E24 /* Resources */,
			);
			buildRules = (
			);
			dependencies = (
			);
			name = MyFirstProject;
			productName = MyFirstProject;
			productReference = 0438D5C221DC022A004D5E24 /* MyFirstProject.app */;
			productType = "com.apple.product-type.application";
		};
		0438D5D521DC022C004D5E24 /* MyFirstProjectTests */ = {
			isa = PBXNativeTarget;
			buildConfigurationList = 0438D5ED21DC022C004D5E24 /* Build configuration list for PBXNativeTarget "MyFirstProjectTests" */;
			buildPhases = (
				0438D5D221DC022C004D5E24 /* Sources */,
				0438D5D321DC022C004D5E24 /* Frameworks */,
				0438D5D421DC022C004D5E24 /* Resources */,
			);
			buildRules = (
			);
			dependencies = (
				0438D5D821DC022C004D5E24 /* PBXTargetDependency */,
			);
			name = MyFirstProjectTests;
			productName = MyFirstProjectTests;
			productReference = 0438D5D621DC022C004D5E24 /* MyFirstProjectTests.xctest */;
			productType = "com.apple.product-type.bundle.unit-test";
		};
		0438D5E021DC022C004D5E24 /* MyFirstProjectUITests */ = {
			isa = PBXNativeTarget;
			buildConfigurationList = 0438D5F021DC022C004D5E24 /* Build configuration list for PBXNativeTarget "MyFirstProjectUITests" */;
			buildPhases = (
				0438D5DD21DC022C004D5E24 /* Sources */,
				0438D5DE21DC022C004D5E24 /* Frameworks */,
				0438D5DF21DC022C004D5E24 /* Resources */,
			);
			buildRules = (
			);
			dependencies = (
				0438D5E321DC022C004D5E24 /* PBXTargetDependency */,
			);
			name = MyFirstProjectUITests;
			productName = MyFirstProjectUITests;
			productReference = 0438D5E121DC022C004D5E24 /* MyFirstProjectUITests.xctest */;
			productType = "com.apple.product-type.bundle.ui-testing";
		};
/* End PBXNativeTarget section */

/* Begin PBXProject section */
		0438D5BA21DC022A004D5E24 /* Project object */ = {
			isa = PBXProject;
			attributes = {
				LastSwiftUpdateCheck = 1000;
				LastUpgradeCheck = 1000;
				ORGANIZATIONNAME = Mac;
				TargetAttributes = {
					0438D5C121DC022A004D5E24 = {
						CreatedOnToolsVersion = 10.0;
					};
					0438D5D521DC022C004D5E24 = {
						CreatedOnToolsVersion = 10.0;
						TestTargetID = 0438D5C121DC022A004D5E24;
					};
					0438D5E021DC022C004D5E24 = {
						CreatedOnToolsVersion = 10.0;
						TestTargetID = 0438D5C121DC022A004D5E24;
					};
				};
			};
			buildConfigurationList = 0438D5BD21DC022A004D5E24 /* Build configuration list for PBXProject "MyFirstProject" */;
			compatibilityVersion = "Xcode 9.3";
			developmentRegion = en;
			hasScannedForEncodings = 0;
			knownRegions = (
				en,
				Base,
			);
			mainGroup = 0438D5B921DC022A004D5E24;
			productRefGroup = 0438D5C321DC022A004D5E24 /* Products */;
			projectDirPath = "";
			projectRoot = "";
			targets = (
				0438D5C121DC022A004D5E24 /* MyFirstProject */,
				0438D5D521DC022C004D5E24 /* MyFirstProjectTests */,
				0438D5E021DC022C004D5E24 /* MyFirstProjectUITests */,
			);
		};
/* End PBXProject section */

/* Begin PBXResourcesBuildPhase section */
		0438D5C021DC022A004D5E24 /* Resources */ = {
			isa = PBXResourcesBuildPhase;
			buildActionMask = 2147483647;
			files = (
				0438D5D021DC022C004D5E24 /* LaunchScreen.storyboard in Resources */,
				0438D5CD21DC022C004D5E24 /* Assets.xcassets in Resources */,
				0438D5CB21DC022A004D5E24 /* Main.storyboard in Resources */,
			);
			runOnlyForDeploymentPostprocessing = 0;
		};
		0438D5D421DC022C004D5E24 /* Resources */ = {
			isa = PBXResourcesBuildPhase;
			buildActionMask = 2147483647;
			files = (
			);
			runOnlyForDeploymentPostprocessing = 0;
		};
		0438D5DF21DC022C004D5E24 /* Resources */ = {
			isa = PBXResourcesBuildPhase;
			buildActionMask = 2147483647;
			files = (
			);
			runOnlyForDeploymentPostprocessing = 0;
		};
/* End PBXResourcesBuildPhase section */

/* Begin PBXSourcesBuildPhase section */
		0438D5BE21DC022A004D5E24 /* Sources */ = {
			isa = PBXSourcesBuildPhase;
			buildActionMask = 2147483647;
			files = (
				04597CF221E35E9E00F1E02A /* RegisterViewController.swift in Sources */,
				0438D5C821DC022A004D5E24 /* ViewController.swift in Sources */,
				0438D5C621DC022A004D5E24 /* AppDelegate.swift in Sources */,
			);
			runOnlyForDeploymentPostprocessing = 0;
		};
		0438D5D221DC022C004D5E24 /* Sources */ = {
			isa = PBXSourcesBuildPhase;
			buildActionMask = 2147483647;
			files = (
				0438D5DB21DC022C004D5E24 /* MyFirstProjectTests.swift in Sources */,
			);
			runOnlyForDeploymentPostprocessing = 0;
		};
		0438D5DD21DC022C004D5E24 /* Sources */ = {
			isa = PBXSourcesBuildPhase;
			buildActionMask = 2147483647;
			files = (
				0438D5E621DC022C004D5E24 /* MyFirstProjectUITests.swift in Sources */,
			);
			runOnlyForDeploymentPostprocessing = 0;
		};
/* End PBXSourcesBuildPhase section */

/* Begin PBXTargetDependency section */
		0438D5D821DC022C004D5E24 /* PBXTargetDependency */ = {
			isa = PBXTargetDependency;
			target = 0438D5C121DC022A004D5E24 /* MyFirstProject */;
			targetProxy = 0438D5D721DC022C004D5E24 /* PBXContainerItemProxy */;
		};
		0438D5E321DC022C004D5E24 /* PBXTargetDependency */ = {
			isa = PBXTargetDependency;
			target = 0438D5C121DC022A004D5E24 /* MyFirstProject */;
			targetProxy = 0438D5E221DC022C004D5E24 /* PBXContainerItemProxy */;
		};
/* End PBXTargetDependency section */

/* Begin PBXVariantGroup section */
		0438D5C921DC022A004D5E24 /* Main.storyboard */ = {
			isa = PBXVariantGroup;
			children = (
				0438D5CA21DC022A004D5E24 /* Base */,
			);
			name = Main.storyboard;
			sourceTree = "<group>";
		};
		0438D5CE21DC022C004D5E24 /* LaunchScreen.storyboard */ = {
			isa = PBXVariantGroup;
			children = (
				0438D5CF21DC022C004D5E24 /* Base */,
			);
			name = LaunchScreen.storyboard;
			sourceTree = "<group>";
		};
/* End PBXVariantGroup section */

/* Begin XCBuildConfiguration section */
		0438D5E821DC022C004D5E24 /* Debug */ = {
			isa = XCBuildConfiguration;
			buildSettings = {
				ALWAYS_SEARCH_USER_PATHS = NO;
				CLANG_ANALYZER_NONNULL = YES;
				CLANG_ANALYZER_NUMBER_OBJECT_CONVERSION = YES_AGGRESSIVE;
				CLANG_CXX_LANGUAGE_STANDARD = "gnu++14";
				CLANG_CXX_LIBRARY = "libc++";
				CLANG_ENABLE_MODULES = YES;
				CLANG_ENABLE_OBJC_ARC = YES;
				CLANG_ENABLE_OBJC_WEAK = YES;
				CLANG_WARN_BLOCK_CAPTURE_AUTORELEASING = YES;
				CLANG_WARN_BOOL_CONVERSION = YES;
				CLANG_WARN_COMMA = YES;
				CLANG_WARN_CONSTANT_CONVERSION = YES;
				CLANG_WARN_DEPRECATED_OBJC_IMPLEMENTATIONS = YES;
				CLANG_WARN_DIRECT_OBJC_ISA_USAGE = YES_ERROR;
				CLANG_WARN_DOCUMENTATION_COMMENTS = YES;
				CLANG_WARN_EMPTY_BODY = YES;
				CLANG_WARN_ENUM_CONVERSION = YES;
				CLANG_WARN_INFINITE_RECURSION = YES;
				CLANG_WARN_INT_CONVERSION = YES;
				CLANG_WARN_NON_LITERAL_NULL_CONVERSION = YES;
				CLANG_WARN_OBJC_IMPLICIT_RETAIN_SELF = YES;
				CLANG_WARN_OBJC_LITERAL_CONVERSION = YES;
				CLANG_WARN_OBJC_ROOT_CLASS = YES_ERROR;
				CLANG_WARN_RANGE_LOOP_ANALYSIS = YES;
				CLANG_WARN_STRICT_PROTOTYPES = YES;
				CLANG_WARN_SUSPICIOUS_MOVE = YES;
				CLANG_WARN_UNGUARDED_AVAILABILITY = YES_AGGRESSIVE;
				CLANG_WARN_UNREACHABLE_CODE = YES;
				CLANG_WARN__DUPLICATE_METHOD_MATCH = YES;
				CODE_SIGN_IDENTITY = "iPhone Developer";
				COPY_PHASE_STRIP = NO;
				DEBUG_INFORMATION_FORMAT = dwarf;
				ENABLE_STRICT_OBJC_MSGSEND = YES;
				ENABLE_TESTABILITY = YES;
				GCC_C_LANGUAGE_STANDARD = gnu11;
				GCC_DYNAMIC_NO_PIC = NO;
				GCC_NO_COMMON_BLOCKS = YES;
				GCC_OPTIMIZATION_LEVEL = 0;
				GCC_PREPROCESSOR_DEFINITIONS = (
					"DEBUG=1",
					"$(inherited)",
				);
				GCC_WARN_64_TO_32_BIT_CONVERSION = YES;
				GCC_WARN_ABOUT_RETURN_TYPE = YES_ERROR;
				GCC_WARN_UNDECLARED_SELECTOR = YES;
				GCC_WARN_UNINITIALIZED_AUTOS = YES_AGGRESSIVE;
				GCC_WARN_UNUSED_FUNCTION = YES;
				GCC_WARN_UNUSED_VARIABLE = YES;
				IPHONEOS_DEPLOYMENT_TARGET = 12.0;
				MTL_ENABLE_DEBUG_INFO = INCLUDE_SOURCE;
				MTL_FAST_MATH = YES;
				ONLY_ACTIVE_ARCH = YES;
				SDKROOT = iphoneos;
				SWIFT_ACTIVE_COMPILATION_CONDITIONS = DEBUG;
				SWIFT_OPTIMIZATION_LEVEL = "-Onone";
			};
			name = Debug;
		};
		0438D5E921DC022C004D5E24 /* Release */ = {
			isa = XCBuildConfiguration;
			buildSettings = {
				ALWAYS_SEARCH_USER_PATHS = NO;
				CLANG_ANALYZER_NONNULL = YES;
				CLANG_ANALYZER_NUMBER_OBJECT_CONVERSION = YES_AGGRESSIVE;
				CLANG_CXX_LANGUAGE_STANDARD = "gnu++14";
				CLANG_CXX_LIBRARY = "libc++";
				CLANG_ENABLE_MODULES = YES;
				CLANG_ENABLE_OBJC_ARC = YES;
				CLANG_ENABLE_OBJC_WEAK = YES;
				CLANG_WARN_BLOCK_CAPTURE_AUTORELEASING = YES;
				CLANG_WARN_BOOL_CONVERSION = YES;
				CLANG_WARN_COMMA = YES;
				CLANG_WARN_CONSTANT_CONVERSION = YES;
				CLANG_WARN_DEPRECATED_OBJC_IMPLEMENTATIONS = YES;
				CLANG_WARN_DIRECT_OBJC_ISA_USAGE = YES_ERROR;
				CLANG_WARN_DOCUMENTATION_COMMENTS = YES;
				CLANG_WARN_EMPTY_BODY = YES;
				CLANG_WARN_ENUM_CONVERSION = YES;
				CLANG_WARN_INFINITE_RECURSION = YES;
				CLANG_WARN_INT_CONVERSION = YES;
				CLANG_WARN_NON_LITERAL_NULL_CONVERSION = YES;
				CLANG_WARN_OBJC_IMPLICIT_RETAIN_SELF = YES;
				CLANG_WARN_OBJC_LITERAL_CONVERSION = YES;
				CLANG_WARN_OBJC_ROOT_CLASS = YES_ERROR;
				CLANG_WARN_RANGE_LOOP_ANALYSIS = YES;
				CLANG_WARN_STRICT_PROTOTYPES = YES;
				CLANG_WARN_SUSPICIOUS_MOVE = YES;
				CLANG_WARN_UNGUARDED_AVAILABILITY = YES_AGGRESSIVE;
				CLANG_WARN_UNREACHABLE_CODE = YES;
				CLANG_WARN__DUPLICATE_METHOD_MATCH = YES;
				CODE_SIGN_IDENTITY = "iPhone Developer";
				COPY_PHASE_STRIP = NO;
				DEBUG_INFORMATION_FORMAT = "dwarf-with-dsym";
				ENABLE_NS_ASSERTIONS = NO;
				ENABLE_STRICT_OBJC_MSGSEND = YES;
				GCC_C_LANGUAGE_STANDARD = gnu11;
				GCC_NO_COMMON_BLOCKS = YES;
				GCC_WARN_64_TO_32_BIT_CONVERSION = YES;
				GCC_WARN_ABOUT_RETURN_TYPE = YES_ERROR;
				GCC_WARN_UNDECLARED_SELECTOR = YES;
				GCC_WARN_UNINITIALIZED_AUTOS = YES_AGGRESSIVE;
				GCC_WARN_UNUSED_FUNCTION = YES;
				GCC_WARN_UNUSED_VARIABLE = YES;
				IPHONEOS_DEPLOYMENT_TARGET = 12.0;
				MTL_ENABLE_DEBUG_INFO = NO;
				MTL_FAST_MATH = YES;
				SDKROOT = iphoneos;
				SWIFT_COMPILATION_MODE = wholemodule;
				SWIFT_OPTIMIZATION_LEVEL = "-O";
				VALIDATE_PRODUCT = YES;
			};
			name = Release;
		};
		0438D5EB21DC022C004D5E24 /* Debug */ = {
			isa = XCBuildConfiguration;
			buildSettings = {
				ASSETCATALOG_COMPILER_APPICON_NAME = AppIcon;
				CODE_SIGN_STYLE = Automatic;
				INFOPLIST_FILE = MyFirstProject/Info.plist;
				LD_RUNPATH_SEARCH_PATHS = (
					"$(inherited)",
					"@executable_path/Frameworks",
				);
				PRODUCT_BUNDLE_IDENTIFIER = "com.sourabh.share-task.MyFirstProject";
				PRODUCT_NAME = "$(TARGET_NAME)";
				SWIFT_VERSION = 4.2;
				TARGETED_DEVICE_FAMILY = "1,2";
			};
			name = Debug;
		};
		0438D5EC21DC022C004D5E24 /* Release */ = {
			isa = XCBuildConfiguration;
			buildSettings = {
				ASSETCATALOG_COMPILER_APPICON_NAME = AppIcon;
				CODE_SIGN_STYLE = Automatic;
				INFOPLIST_FILE = MyFirstProject/Info.plist;
				LD_RUNPATH_SEARCH_PATHS = (
					"$(inherited)",
					"@executable_path/Frameworks",
				);
				PRODUCT_BUNDLE_IDENTIFIER = "com.sourabh.share-task.MyFirstProject";
				PRODUCT_NAME = "$(TARGET_NAME)";
				SWIFT_VERSION = 4.2;
				TARGETED_DEVICE_FAMILY = "1,2";
			};
			name = Release;
		};
		0438D5EE21DC022C004D5E24 /* Debug */ = {
			isa = XCBuildConfiguration;
			buildSettings = {
				ALWAYS_EMBED_SWIFT_STANDARD_LIBRARIES = YES;
				BUNDLE_LOADER = "$(TEST_HOST)";
				CODE_SIGN_STYLE = Automatic;
				INFOPLIST_FILE = MyFirstProjectTests/Info.plist;
				LD_RUNPATH_SEARCH_PATHS = (
					"$(inherited)",
					"@executable_path/Frameworks",
					"@loader_path/Frameworks",
				);
				PRODUCT_BUNDLE_IDENTIFIER = "com.sourabh.share-task.MyFirstProjectTests";
				PRODUCT_NAME = "$(TARGET_NAME)";
				SWIFT_VERSION = 4.2;
				TARGETED_DEVICE_FAMILY = "1,2";
				TEST_HOST = "$(BUILT_PRODUCTS_DIR)/MyFirstProject.app/MyFirstProject";
			};
			name = Debug;
		};
		0438D5EF21DC022C004D5E24 /* Release */ = {
			isa = XCBuildConfiguration;
			buildSettings = {
				ALWAYS_EMBED_SWIFT_STANDARD_LIBRARIES = YES;
				BUNDLE_LOADER = "$(TEST_HOST)";
				CODE_SIGN_STYLE = Automatic;
				INFOPLIST_FILE = MyFirstProjectTests/Info.plist;
				LD_RUNPATH_SEARCH_PATHS = (
					"$(inherited)",
					"@executable_path/Frameworks",
					"@loader_path/Frameworks",
				);
				PRODUCT_BUNDLE_IDENTIFIER = "com.sourabh.share-task.MyFirstProjectTests";
				PRODUCT_NAME = "$(TARGET_NAME)";
				SWIFT_VERSION = 4.2;
				TARGETED_DEVICE_FAMILY = "1,2";
				TEST_HOST = "$(BUILT_PRODUCTS_DIR)/MyFirstProject.app/MyFirstProject";
			};
			name = Release;
		};
		0438D5F121DC022C004D5E24 /* Debug */ = {
			isa = XCBuildConfiguration;
			buildSettings = {
				ALWAYS_EMBED_SWIFT_STANDARD_LIBRARIES = YES;
				CODE_SIGN_STYLE = Automatic;
				INFOPLIST_FILE = MyFirstProjectUITests/Info.plist;
				LD_RUNPATH_SEARCH_PATHS = (
					"$(inherited)",
					"@executable_path/Frameworks",
					"@loader_path/Frameworks",
				);
				PRODUCT_BUNDLE_IDENTIFIER = "com.sourabh.share-task.MyFirstProjectUITests";
				PRODUCT_NAME = "$(TARGET_NAME)";
				SWIFT_VERSION = 4.2;
				TARGETED_DEVICE_FAMILY = "1,2";
				TEST_TARGET_NAME = MyFirstProject;
			};
			name = Debug;
		};
		0438D5F221DC022C004D5E24 /* Release */ = {
			isa = XCBuildConfiguration;
			buildSettings = {
				ALWAYS_EMBED_SWIFT_STANDARD_LIBRARIES = YES;
				CODE_SIGN_STYLE = Automatic;
				INFOPLIST_FILE = MyFirstProjectUITests/Info.plist;
				LD_RUNPATH_SEARCH_PATHS = (
					"$(inherited)",
					"@executable_path/Frameworks",
					"@loader_path/Frameworks",
				);
				PRODUCT_BUNDLE_IDENTIFIER = "com.sourabh.share-task.MyFirstProjectUITests";
				PRODUCT_NAME = "$(TARGET_NAME)";
				SWIFT_VERSION = 4.2;
				TARGETED_DEVICE_FAMILY = "1,2";
				TEST_TARGET_NAME = MyFirstProject;
			};
			name = Release;
		};
/* End XCBuildConfiguration section */

/* Begin XCConfigurationList section */
		0438D5BD21DC022A004D5E24 /* Build configuration list for PBXProject "MyFirstProject" */ = {
			isa = XCConfigurationList;
			buildConfigurations = (
				0438D5E821DC022C004D5E24 /* Debug */,
				0438D5E921DC022C004D5E24 /* Release */,
			);
			defaultConfigurationIsVisible = 0;
			defaultConfigurationName = Release;
		};
		0438D5EA21DC022C004D5E24 /* Build configuration list for PBXNativeTarget "MyFirstProject" */ = {
			isa = XCConfigurationList;
			buildConfigurations = (
				0438D5EB21DC022C004D5E24 /* Debug */,
				0438D5EC21DC022C004D5E24 /* Release */,
			);
			defaultConfigurationIsVisible = 0;
			defaultConfigurationName = Release;
		};
		0438D5ED21DC022C004D5E24 /* Build configuration list for PBXNativeTarget "MyFirstProjectTests" */ = {
			isa = XCConfigurationList;
			buildConfigurations = (
				0438D5EE21DC022C004D5E24 /* Debug */,
				0438D5EF21DC022C004D5E24 /* Release */,
			);
			defaultConfigurationIsVisible = 0;
			defaultConfigurationName = Release;
		};
		0438D5F021DC022C004D5E24 /* Build configuration list for PBXNativeTarget "MyFirstProjectUITests" */ = {
			isa = XCConfigurationList;
			buildConfigurations = (
				0438D5F121DC022C004D5E24 /* Debug */,
				0438D5F221DC022C004D5E24 /* Release */,
			);
			defaultConfigurationIsVisible = 0;
			defaultConfigurationName = Release;
		};
/* End XCConfigurationList section */
	};
	rootObject = 0438D5BA21DC022A004D5E24 /* Project object */;
}
